PODS:
  - MBHudManager (0.1.2):
    - MBProgressHUD (~> 1.0.0)
    - XXNetwork/XXNetworkAnimation
  - MBProgressHUD (1.0.0)
  - XXNetwork/XXNetworkAnimation (0.1.9)

DEPENDENCIES:
  - MBHudManager (from `../`)

EXTERNAL SOURCES:
  MBHudManager:
    :path: "../"

SPEC CHECKSUMS:
  MBHudManager: 3eabc7f67443dd150590ba716a784f3b7e77830b
  MBProgressHUD: 4890f671c94e8a0f3cf959aa731e9de2f036d71a
  XXNetwork: 6fe25ecdf894a9e37cb81ba29a73675bcddd1b2d

PODFILE CHECKSUM: 82ff72bc0ec81673b793961e3d4fbc9ca5266842

COCOAPODS: 1.2.1
